
Microsoft Visual Studio Solution File, Format Version 11.00
# Visual Studio 2010
Project("{FAE04EC0-301F-11D3-BF4B-00C04F79EFBC}") = "CoinJarConsole", "CoinJarConsole\CoinJarConsole.csproj", "{C65409BA-F51F-497E-BCA4-D06EE9FAB99A}"
EndProject
Project("{FAE04EC0-301F-11D3-BF4B-00C04F79EFBC}") = "UnitTest", "UnitTest\UnitTest.csproj", "{04FD640C-62DF-4919-821D-B86F9B02DAFC}"
EndProject
Project("{2150E333-8FDC-42A3-9474-1A3956D46DE8}") = "Solution Items", "Solution Items", "{EB3868A4-902F-4FF6-9BAC-1935D40AD36A}"
	ProjectSection(SolutionItems) = preProject
		CoinJarConsole.vsmdi = CoinJarConsole.vsmdi
		Local.testsettings = Local.testsettings
		TraceAndTestImpact.testsettings = TraceAndTestImpact.testsettings
	EndProjectSection
EndProject
Global
	GlobalSection(TestCaseManagementSettings) = postSolution
		CategoryFile = CoinJarConsole.vsmdi
	EndGlobalSection
	GlobalSection(SolutionConfigurationPlatforms) = preSolution
		Debug|Any CPU = Debug|Any CPU
		Debug|Mixed Platforms = Debug|Mixed Platforms
		Debug|x86 = Debug|x86
		Release|Any CPU = Release|Any CPU
		Release|Mixed Platforms = Release|Mixed Platforms
		Release|x86 = Release|x86
	EndGlobalSection
	GlobalSection(ProjectConfigurationPlatforms) = postSolution
		{C65409BA-F51F-497E-BCA4-D06EE9FAB99A}.Debug|Any CPU.ActiveCfg = Debug|x86
		{C65409BA-F51F-497E-BCA4-D06EE9FAB99A}.Debug|Mixed Platforms.ActiveCfg = Debug|x86
		{C65409BA-F51F-497E-BCA4-D06EE9FAB99A}.Debug|Mixed Platforms.Build.0 = Debug|x86
		{C65409BA-F51F-497E-BCA4-D06EE9FAB99A}.Debug|x86.ActiveCfg = Debug|x86
		{C65409BA-F51F-497E-BCA4-D06EE9FAB99A}.Debug|x86.Build.0 = Debug|x86
		{C65409BA-F51F-497E-BCA4-D06EE9FAB99A}.Release|Any CPU.ActiveCfg = Release|x86
		{C65409BA-F51F-497E-BCA4-D06EE9FAB99A}.Release|Mixed Platforms.ActiveCfg = Release|x86
		{C65409BA-F51F-497E-BCA4-D06EE9FAB99A}.Release|Mixed Platforms.Build.0 = Release|x86
		{C65409BA-F51F-497E-BCA4-D06EE9FAB99A}.Release|x86.ActiveCfg = Release|x86
		{C65409BA-F51F-497E-BCA4-D06EE9FAB99A}.Release|x86.Build.0 = Release|x86
		{04FD640C-62DF-4919-821D-B86F9B02DAFC}.Debug|Any CPU.ActiveCfg = Debug|Any CPU
		{04FD640C-62DF-4919-821D-B86F9B02DAFC}.Debug|Any CPU.Build.0 = Debug|Any CPU
		{04FD640C-62DF-4919-821D-B86F9B02DAFC}.Debug|Mixed Platforms.ActiveCfg = Debug|Any CPU
		{04FD640C-62DF-4919-821D-B86F9B02DAFC}.Debug|Mixed Platforms.Build.0 = Debug|Any CPU
		{04FD640C-62DF-4919-821D-B86F9B02DAFC}.Debug|x86.ActiveCfg = Debug|Any CPU
		{04FD640C-62DF-4919-821D-B86F9B02DAFC}.Release|Any CPU.ActiveCfg = Release|Any CPU
		{04FD640C-62DF-4919-821D-B86F9B02DAFC}.Release|Any CPU.Build.0 = Release|Any CPU
		{04FD640C-62DF-4919-821D-B86F9B02DAFC}.Release|Mixed Platforms.ActiveCfg = Release|Any CPU
		{04FD640C-62DF-4919-821D-B86F9B02DAFC}.Release|Mixed Platforms.Build.0 = Release|Any CPU
		{04FD640C-62DF-4919-821D-B86F9B02DAFC}.Release|x86.ActiveCfg = Release|Any CPU
	EndGlobalSection
	GlobalSection(SolutionProperties) = preSolution
		HideSolutionNode = FALSE
	EndGlobalSection
EndGlobal
